
Microsoft Visual Studio Solution File, Format Version 12.00
# Visual Studio 14
VisualStudioVersion = 14.0.24720.0
MinimumVisualStudioVersion = 10.0.40219.1
Project("{8BC9CEB8-8B4A-11D0-8D11-00A0C91BC942}") = "HelloTriangle", "HelloTriangle\HelloTriangle.vcxproj", "{964D8F9A-E5DD-42BC-9112-10139EC56EA0}"
EndProject
Project("{8BC9CEB8-8B4A-11D0-8D11-00A0C91BC942}") = "Cube", "Cube\Cube.vcxproj", "{34A3DC0E-1102-437C-BD02-2178DA8BBD3A}"
EndProject
Project("{8BC9CEB8-8B4A-11D0-8D11-00A0C91BC942}") = "Labrynth", "Labrynth\Labrynth.vcxproj", "{6C5794A6-1F27-4F2A-B058-574E59816D61}"
EndProject
Project("{8BC9CEB8-8B4A-11D0-8D11-00A0C91BC942}") = "NPlane", "NPlane\NPlane.vcxproj", "{38B69814-A7AC-4ABE-B237-CB5982F98898}"
EndProject
Project("{8BC9CEB8-8B4A-11D0-8D11-00A0C91BC942}") = "Texture", "Texture\Texture.vcxproj", "{6AB04DEF-65E5-4BB6-9DB8-96474B7DB5C3}"
EndProject
Project("{8BC9CEB8-8B4A-11D0-8D11-00A0C91BC942}") = "MultiTexture", "MultiTexture\MultiTexture.vcxproj", "{AB84C7F4-A00F-4439-A7D8-AA7F7D2EDAAB}"
EndProject
Project("{8BC9CEB8-8B4A-11D0-8D11-00A0C91BC942}") = "HeightMap", "HeightMap\HeightMap.vcxproj", "{AA68488C-8B52-480F-8F16-9616247C8C17}"
EndProject
Project("{8BC9CEB8-8B4A-11D0-8D11-00A0C91BC942}") = "BumpMap", "BumpMap\BumpMap.vcxproj", "{8D250605-8D87-4C52-AC01-E06E79293708}"
EndProject
Project("{8BC9CEB8-8B4A-11D0-8D11-00A0C91BC942}") = "PacMan", "PacMan\PacMan.vcxproj", "{4AD8F1D8-661A-4AFE-8161-5230E80074CB}"
EndProject
Project("{8BC9CEB8-8B4A-11D0-8D11-00A0C91BC942}") = "Photoshop", "Photoshop\Photoshop.vcxproj", "{61CFBD33-71E8-42E1-A302-34AECB8D0CAC}"
EndProject
Global
	GlobalSection(SolutionConfigurationPlatforms) = preSolution
		Debug|x64 = Debug|x64
		Debug|x86 = Debug|x86
		Release|x64 = Release|x64
		Release|x86 = Release|x86
	EndGlobalSection
	GlobalSection(ProjectConfigurationPlatforms) = postSolution
		{964D8F9A-E5DD-42BC-9112-10139EC56EA0}.Debug|x64.ActiveCfg = Debug|x64
		{964D8F9A-E5DD-42BC-9112-10139EC56EA0}.Debug|x64.Build.0 = Debug|x64
		{964D8F9A-E5DD-42BC-9112-10139EC56EA0}.Debug|x86.ActiveCfg = Debug|Win32
		{964D8F9A-E5DD-42BC-9112-10139EC56EA0}.Debug|x86.Build.0 = Debug|Win32
		{964D8F9A-E5DD-42BC-9112-10139EC56EA0}.Release|x64.ActiveCfg = Release|x64
		{964D8F9A-E5DD-42BC-9112-10139EC56EA0}.Release|x64.Build.0 = Release|x64
		{964D8F9A-E5DD-42BC-9112-10139EC56EA0}.Release|x86.ActiveCfg = Release|Win32
		{964D8F9A-E5DD-42BC-9112-10139EC56EA0}.Release|x86.Build.0 = Release|Win32
		{34A3DC0E-1102-437C-BD02-2178DA8BBD3A}.Debug|x64.ActiveCfg = Debug|x64
		{34A3DC0E-1102-437C-BD02-2178DA8BBD3A}.Debug|x64.Build.0 = Debug|x64
		{34A3DC0E-1102-437C-BD02-2178DA8BBD3A}.Debug|x86.ActiveCfg = Debug|Win32
		{34A3DC0E-1102-437C-BD02-2178DA8BBD3A}.Debug|x86.Build.0 = Debug|Win32
		{34A3DC0E-1102-437C-BD02-2178DA8BBD3A}.Release|x64.ActiveCfg = Release|x64
		{34A3DC0E-1102-437C-BD02-2178DA8BBD3A}.Release|x64.Build.0 = Release|x64
		{34A3DC0E-1102-437C-BD02-2178DA8BBD3A}.Release|x86.ActiveCfg = Release|Win32
		{34A3DC0E-1102-437C-BD02-2178DA8BBD3A}.Release|x86.Build.0 = Release|Win32
		{6C5794A6-1F27-4F2A-B058-574E59816D61}.Debug|x64.ActiveCfg = Debug|x64
		{6C5794A6-1F27-4F2A-B058-574E59816D61}.Debug|x64.Build.0 = Debug|x64
		{6C5794A6-1F27-4F2A-B058-574E59816D61}.Debug|x86.ActiveCfg = Debug|Win32
		{6C5794A6-1F27-4F2A-B058-574E59816D61}.Debug|x86.Build.0 = Debug|Win32
		{6C5794A6-1F27-4F2A-B058-574E59816D61}.Release|x64.ActiveCfg = Release|x64
		{6C5794A6-1F27-4F2A-B058-574E59816D61}.Release|x64.Build.0 = Release|x64
		{6C5794A6-1F27-4F2A-B058-574E59816D61}.Release|x86.ActiveCfg = Release|Win32
		{6C5794A6-1F27-4F2A-B058-574E59816D61}.Release|x86.Build.0 = Release|Win32
		{38B69814-A7AC-4ABE-B237-CB5982F98898}.Debug|x64.ActiveCfg = Debug|x64
		{38B69814-A7AC-4ABE-B237-CB5982F98898}.Debug|x64.Build.0 = Debug|x64
		{38B69814-A7AC-4ABE-B237-CB5982F98898}.Debug|x86.ActiveCfg = Debug|Win32
		{38B69814-A7AC-4ABE-B237-CB5982F98898}.Debug|x86.Build.0 = Debug|Win32
		{38B69814-A7AC-4ABE-B237-CB5982F98898}.Release|x64.ActiveCfg = Release|x64
		{38B69814-A7AC-4ABE-B237-CB5982F98898}.Release|x64.Build.0 = Release|x64
		{38B69814-A7AC-4ABE-B237-CB5982F98898}.Release|x86.ActiveCfg = Release|Win32
		{38B69814-A7AC-4ABE-B237-CB5982F98898}.Release|x86.Build.0 = Release|Win32
		{6AB04DEF-65E5-4BB6-9DB8-96474B7DB5C3}.Debug|x64.ActiveCfg = Debug|x64
		{6AB04DEF-65E5-4BB6-9DB8-96474B7DB5C3}.Debug|x64.Build.0 = Debug|x64
		{6AB04DEF-65E5-4BB6-9DB8-96474B7DB5C3}.Debug|x86.ActiveCfg = Debug|Win32
		{6AB04DEF-65E5-4BB6-9DB8-96474B7DB5C3}.Debug|x86.Build.0 = Debug|Win32
		{6AB04DEF-65E5-4BB6-9DB8-96474B7DB5C3}.Release|x64.ActiveCfg = Release|x64
		{6AB04DEF-65E5-4BB6-9DB8-96474B7DB5C3}.Release|x64.Build.0 = Release|x64
		{6AB04DEF-65E5-4BB6-9DB8-96474B7DB5C3}.Release|x86.ActiveCfg = Release|Win32
		{6AB04DEF-65E5-4BB6-9DB8-96474B7DB5C3}.Release|x86.Build.0 = Release|Win32
		{AB84C7F4-A00F-4439-A7D8-AA7F7D2EDAAB}.Debug|x64.ActiveCfg = Debug|x64
		{AB84C7F4-A00F-4439-A7D8-AA7F7D2EDAAB}.Debug|x64.Build.0 = Debug|x64
		{AB84C7F4-A00F-4439-A7D8-AA7F7D2EDAAB}.Debug|x86.ActiveCfg = Debug|Win32
		{AB84C7F4-A00F-4439-A7D8-AA7F7D2EDAAB}.Debug|x86.Build.0 = Debug|Win32
		{AB84C7F4-A00F-4439-A7D8-AA7F7D2EDAAB}.Release|x64.ActiveCfg = Release|x64
		{AB84C7F4-A00F-4439-A7D8-AA7F7D2EDAAB}.Release|x64.Build.0 = Release|x64
		{AB84C7F4-A00F-4439-A7D8-AA7F7D2EDAAB}.Release|x86.ActiveCfg = Release|Win32
		{AB84C7F4-A00F-4439-A7D8-AA7F7D2EDAAB}.Release|x86.Build.0 = Release|Win32
		{AA68488C-8B52-480F-8F16-9616247C8C17}.Debug|x64.ActiveCfg = Debug|x64
		{AA68488C-8B52-480F-8F16-9616247C8C17}.Debug|x64.Build.0 = Debug|x64
		{AA68488C-8B52-480F-8F16-9616247C8C17}.Debug|x86.ActiveCfg = Debug|Win32
		{AA68488C-8B52-480F-8F16-9616247C8C17}.Debug|x86.Build.0 = Debug|Win32
		{AA68488C-8B52-480F-8F16-9616247C8C17}.Release|x64.ActiveCfg = Release|x64
		{AA68488C-8B52-480F-8F16-9616247C8C17}.Release|x64.Build.0 = Release|x64
		{AA68488C-8B52-480F-8F16-9616247C8C17}.Release|x86.ActiveCfg = Release|Win32
		{AA68488C-8B52-480F-8F16-9616247C8C17}.Release|x86.Build.0 = Release|Win32
		{8D250605-8D87-4C52-AC01-E06E79293708}.Debug|x64.ActiveCfg = Debug|x64
		{8D250605-8D87-4C52-AC01-E06E79293708}.Debug|x64.Build.0 = Debug|x64
		{8D250605-8D87-4C52-AC01-E06E79293708}.Debug|x86.ActiveCfg = Debug|Win32
		{8D250605-8D87-4C52-AC01-E06E79293708}.Debug|x86.Build.0 = Debug|Win32
		{8D250605-8D87-4C52-AC01-E06E79293708}.Release|x64.ActiveCfg = Release|x64
		{8D250605-8D87-4C52-AC01-E06E79293708}.Release|x64.Build.0 = Release|x64
		{8D250605-8D87-4C52-AC01-E06E79293708}.Release|x86.ActiveCfg = Release|Win32
		{8D250605-8D87-4C52-AC01-E06E79293708}.Release|x86.Build.0 = Release|Win32
		{4AD8F1D8-661A-4AFE-8161-5230E80074CB}.Debug|x64.ActiveCfg = Debug|x64
		{4AD8F1D8-661A-4AFE-8161-5230E80074CB}.Debug|x64.Build.0 = Debug|x64
		{4AD8F1D8-661A-4AFE-8161-5230E80074CB}.Debug|x86.ActiveCfg = Debug|Win32
		{4AD8F1D8-661A-4AFE-8161-5230E80074CB}.Debug|x86.Build.0 = Debug|Win32
		{4AD8F1D8-661A-4AFE-8161-5230E80074CB}.Release|x64.ActiveCfg = Release|x64
		{4AD8F1D8-661A-4AFE-8161-5230E80074CB}.Release|x64.Build.0 = Release|x64
		{4AD8F1D8-661A-4AFE-8161-5230E80074CB}.Release|x86.ActiveCfg = Release|Win32
		{4AD8F1D8-661A-4AFE-8161-5230E80074CB}.Release|x86.Build.0 = Release|Win32
		{61CFBD33-71E8-42E1-A302-34AECB8D0CAC}.Debug|x64.ActiveCfg = Debug|x64
		{61CFBD33-71E8-42E1-A302-34AECB8D0CAC}.Debug|x64.Build.0 = Debug|x64
		{61CFBD33-71E8-42E1-A302-34AECB8D0CAC}.Debug|x86.ActiveCfg = Debug|Win32
		{61CFBD33-71E8-42E1-A302-34AECB8D0CAC}.Debug|x86.Build.0 = Debug|Win32
		{61CFBD33-71E8-42E1-A302-34AECB8D0CAC}.Release|x64.ActiveCfg = Release|x64
		{61CFBD33-71E8-42E1-A302-34AECB8D0CAC}.Release|x64.Build.0 = Release|x64
		{61CFBD33-71E8-42E1-A302-34AECB8D0CAC}.Release|x86.ActiveCfg = Release|Win32
		{61CFBD33-71E8-42E1-A302-34AECB8D0CAC}.Release|x86.Build.0 = Release|Win32
	EndGlobalSection
	GlobalSection(SolutionProperties) = preSolution
		HideSolutionNode = FALSE
	EndGlobalSection
EndGlobal
